<Project xmlns="http://schemas.microsoft.com/developer/msbuild/2003">
    <PropertyGroup>
        <ProjectGuid>{29A77D27-2EDF-4E73-A1B8-CE42D7AC539A}</ProjectGuid>
        <ProjectVersion>15.4</ProjectVersion>
        <FrameworkType>VCL</FrameworkType>
        <MainSource>ProjectPI4.dpr</MainSource>
        <Base>True</Base>
        <Config Condition="'$(Config)'==''">Debug</Config>
        <Platform Condition="'$(Platform)'==''">Win32</Platform>
        <TargetedPlatforms>1</TargetedPlatforms>
        <AppType>Application</AppType>
    </PropertyGroup>
    <PropertyGroup Condition="'$(Config)'=='Base' or '$(Base)'!=''">
        <Base>true</Base>
    </PropertyGroup>
    <PropertyGroup Condition="('$(Platform)'=='Win32' and '$(Base)'=='true') or '$(Base_Win32)'!=''">
        <Base_Win32>true</Base_Win32>
        <CfgParent>Base</CfgParent>
        <Base>true</Base>
    </PropertyGroup>
    <PropertyGroup Condition="('$(Platform)'=='Win64' and '$(Base)'=='true') or '$(Base_Win64)'!=''">
        <Base_Win64>true</Base_Win64>
        <CfgParent>Base</CfgParent>
        <Base>true</Base>
    </PropertyGroup>
    <PropertyGroup Condition="'$(Config)'=='Debug' or '$(Cfg_1)'!=''">
        <Cfg_1>true</Cfg_1>
        <CfgParent>Base</CfgParent>
        <Base>true</Base>
    </PropertyGroup>
    <PropertyGroup Condition="('$(Platform)'=='Win32' and '$(Cfg_1)'=='true') or '$(Cfg_1_Win32)'!=''">
        <Cfg_1_Win32>true</Cfg_1_Win32>
        <CfgParent>Cfg_1</CfgParent>
        <Cfg_1>true</Cfg_1>
        <Base>true</Base>
    </PropertyGroup>
    <PropertyGroup Condition="'$(Config)'=='Release' or '$(Cfg_2)'!=''">
        <Cfg_2>true</Cfg_2>
        <CfgParent>Base</CfgParent>
        <Base>true</Base>
    </PropertyGroup>
    <PropertyGroup Condition="'$(Base)'!=''">
        <SanitizedProjectName>ProjectPI4</SanitizedProjectName>
        <DCC_Namespace>System;Xml;Data;Datasnap;Web;Soap;Vcl;Vcl.Imaging;Vcl.Touch;Vcl.Samples;Vcl.Shell;$(DCC_Namespace)</DCC_Namespace>
        <Icon_MainIcon>$(BDS)\bin\delphi_PROJECTICON.ico</Icon_MainIcon>
        <DCC_DcuOutput>.\$(Platform)\$(Config)</DCC_DcuOutput>
        <DCC_ExeOutput>.\$(Platform)\$(Config)</DCC_ExeOutput>
        <DCC_E>false</DCC_E>
        <DCC_N>false</DCC_N>
        <DCC_S>false</DCC_S>
        <DCC_F>false</DCC_F>
        <DCC_K>false</DCC_K>
    </PropertyGroup>
    <PropertyGroup Condition="'$(Base_Win32)'!=''">
        <DCC_UsePackage>dxThemeRS21;dxPScxSchedulerLnkRS21;frxe20;EurekaLogCore;cxSchedulerRibbonStyleEventEditorRS21;FireDACSqliteDriver;cxSchedulerRS21;FireDACDSDriver;DBXSqliteDriver;FireDACPgDriver;fmx;cxVerticalGridRS21;IndySystem;dxSpreadSheetRS21;TeeDB;tethering;cxTreeListdxBarPopupMenuRS21;inetdbbde;vclib;DBXInterBaseDriver;DataSnapClient;DataSnapServer;DataSnapCommon;cxPivotGridRS21;dxPScxPivotGridLnkRS21;DataSnapProviderClient;dxPSPrVwRibbonRS21;DBXSybaseASEDriver;cxEditorsRS21;DbxCommonDriver;vclimg;cxGridRS21;cxPivotGridOLAPRS21;dbxcds;dxTileControlRS21;DatasnapConnectorsFreePascal;MetropolisUILiveTile;dxPsPrVwAdvRS21;vcldb;vcldsnap;cxTreeListRS21;dxSpellCheckerRS21;fmxFireDAC;dxdborRS21;DBXDb2Driver;dxBarExtItemsRS21;dxWizardControlRS21;DBXOracleDriver;CustomIPTransport;vclribbon;dxtrmdRS21;dsnap;IndyIPServer;fmxase;vcl;IndyCore;dxBarExtDBItemsRS21;dxGDIPlusRS21;DBXMSSQLDriver;IndyIPCommon;CloudService;FmxTeeUI;FireDACIBDriver;CodeSiteExpressPkg;dxPScxPCProdRS21;dxPSDBTeeChartRS21;DataSnapFireDAC;FireDACDBXDriver;dxPSdxSpreadSheetLnkRS21;LibMSI;soapserver;dxDockingRS21;dxdbtrRS21;inetdbxpress;dxLayoutControlRS21;dsnapxml;FireDACInfxDriver;FireDACDb2Driver;dxPScxGridLnkRS21;dxPSdxFCLnkRS21;pckUCDataConnector_D18;adortl;frxDB20;dxPSLnksRS21;dxPSdxDBOCLnkRS21;FireDACASADriver;cxLibraryRS21;bindcompfmx;frx20;vcldbx;cxDataRS21;FireDACODBCDriver;RESTBackendComponents;dxComnRS21;dxTabbedMDIRS21;rtl;dbrtl;DbxClientDriver;dxorgcRS21;FireDACCommon;bindcomp;inetdb;dxPScxExtCommonRS21;dxPSdxOCLnkRS21;dxPScxTLLnkRS21;pckUserControl_RT18;Tee;dxPSdxLCLnkRS21;DBXOdbcDriver;vclFireDAC;dxMapControlRS21;frxDBX20;xmlrtl;DataSnapNativeClient;svnui;ibxpress;cxExportRS21;IndyProtocols;DBXMySQLDriver;cxPivotGridChartRS21;FireDACCommonDriver;dxFlowChartRS21;bindengine;vclactnband;bindcompdbx;soaprtl;FMXTee;TeeUI;bindcompvcl;cxPageControlRS21;dxCoreRS21;dxmdsRS21;vclie;cxSchedulerTreeBrowserRS21;FireDACADSDriver;vcltouch;dxPSCoreRS21;dxServerModeRS21;dxPSdxDBTVLnkRS21;dxPScxCommonRS21;VclSmp;FireDACMSSQLDriver;FireDAC;DBXInformixDriver;Intraweb;VCLRESTComponents;dxADOServerModeRS21;DataSnapConnectors;dxBarDBNavRS21;DataSnapServerMidas;dxPSTeeChartRS21;dsnapcon;DBXFirebirdDriver;dxNavBarRS21;inet;dxRibbonRS21;fmxobj;cxSchedulerGridRS21;fsDB20;FireDACMySQLDriver;soapmidas;vclx;cxBarEditItemRS21;dxPScxVGridLnkRS21;svn;DBXSybaseASADriver;dxBarRS21;FireDACOracleDriver;fmxdae;RESTComponents;dxFireDACServerModeRS21;fs20;bdertl;FireDACMSAccDriver;dbexpress;DataSnapIndy10ServerTransport;IndyIPClient;$(DCC_UsePackage)</DCC_UsePackage>
        <DCC_Namespace>Winapi;System.Win;Data.Win;Datasnap.Win;Web.Win;Soap.Win;Xml.Win;Bde;$(DCC_Namespace)</DCC_Namespace>
        <Manifest_File>$(BDS)\bin\default_app.manifest</Manifest_File>
        <VerInfo_IncludeVerInfo>true</VerInfo_IncludeVerInfo>
        <VerInfo_Keys>CompanyName=;FileDescription=;FileVersion=1.0.0.0;InternalName=;LegalCopyright=;LegalTrademarks=;OriginalFilename=;ProductName=;ProductVersion=1.0.0.0;Comments=</VerInfo_Keys>
        <VerInfo_Locale>1033</VerInfo_Locale>
    </PropertyGroup>
    <PropertyGroup Condition="'$(Base_Win64)'!=''">
        <DCC_UsePackage>dxThemeRS21;dxPScxSchedulerLnkRS21;cxSchedulerRibbonStyleEventEditorRS21;FireDACSqliteDriver;cxSchedulerRS21;FireDACDSDriver;DBXSqliteDriver;FireDACPgDriver;fmx;cxVerticalGridRS21;IndySystem;dxSpreadSheetRS21;TeeDB;tethering;cxTreeListdxBarPopupMenuRS21;vclib;DBXInterBaseDriver;DataSnapClient;DataSnapServer;DataSnapCommon;cxPivotGridRS21;dxPScxPivotGridLnkRS21;DataSnapProviderClient;dxPSPrVwRibbonRS21;DBXSybaseASEDriver;cxEditorsRS21;DbxCommonDriver;vclimg;cxGridRS21;cxPivotGridOLAPRS21;dbxcds;dxTileControlRS21;DatasnapConnectorsFreePascal;MetropolisUILiveTile;dxPsPrVwAdvRS21;vcldb;vcldsnap;cxTreeListRS21;dxSpellCheckerRS21;fmxFireDAC;dxdborRS21;DBXDb2Driver;dxBarExtItemsRS21;dxWizardControlRS21;DBXOracleDriver;CustomIPTransport;vclribbon;dxtrmdRS21;dsnap;IndyIPServer;fmxase;vcl;IndyCore;dxBarExtDBItemsRS21;dxGDIPlusRS21;DBXMSSQLDriver;IndyIPCommon;CloudService;FmxTeeUI;FireDACIBDriver;dxPScxPCProdRS21;dxPSDBTeeChartRS21;DataSnapFireDAC;FireDACDBXDriver;dxPSdxSpreadSheetLnkRS21;soapserver;dxDockingRS21;dxdbtrRS21;inetdbxpress;dxLayoutControlRS21;dsnapxml;FireDACInfxDriver;FireDACDb2Driver;dxPScxGridLnkRS21;dxPSdxFCLnkRS21;adortl;dxPSLnksRS21;dxPSdxDBOCLnkRS21;FireDACASADriver;cxLibraryRS21;bindcompfmx;cxDataRS21;FireDACODBCDriver;RESTBackendComponents;dxComnRS21;dxTabbedMDIRS21;rtl;dbrtl;DbxClientDriver;dxorgcRS21;FireDACCommon;bindcomp;inetdb;dxPScxExtCommonRS21;dxPSdxOCLnkRS21;dxPScxTLLnkRS21;Tee;dxPSdxLCLnkRS21;DBXOdbcDriver;vclFireDAC;dxMapControlRS21;xmlrtl;DataSnapNativeClient;ibxpress;cxExportRS21;IndyProtocols;DBXMySQLDriver;cxPivotGridChartRS21;FireDACCommonDriver;dxFlowChartRS21;bindengine;vclactnband;bindcompdbx;soaprtl;FMXTee;TeeUI;bindcompvcl;cxPageControlRS21;dxCoreRS21;dxmdsRS21;vclie;cxSchedulerTreeBrowserRS21;FireDACADSDriver;vcltouch;dxPSCoreRS21;dxServerModeRS21;dxPSdxDBTVLnkRS21;dxPScxCommonRS21;VclSmp;FireDACMSSQLDriver;FireDAC;DBXInformixDriver;Intraweb;VCLRESTComponents;dxADOServerModeRS21;DataSnapConnectors;dxBarDBNavRS21;DataSnapServerMidas;dxPSTeeChartRS21;dsnapcon;DBXFirebirdDriver;dxNavBarRS21;inet;dxRibbonRS21;fmxobj;cxSchedulerGridRS21;FireDACMySQLDriver;soapmidas;vclx;cxBarEditItemRS21;dxPScxVGridLnkRS21;DBXSybaseASADriver;dxBarRS21;FireDACOracleDriver;fmxdae;RESTComponents;dxFireDACServerModeRS21;FireDACMSAccDriver;dbexpress;DataSnapIndy10ServerTransport;IndyIPClient;$(DCC_UsePackage)</DCC_UsePackage>
    </PropertyGroup>
    <PropertyGroup Condition="'$(Cfg_1)'!=''">
        <DCC_Define>DEBUG;$(DCC_Define)</DCC_Define>
        <DCC_DebugDCUs>true</DCC_DebugDCUs>
        <DCC_Optimize>false</DCC_Optimize>
        <DCC_GenerateStackFrames>true</DCC_GenerateStackFrames>
        <DCC_DebugInfoInExe>true</DCC_DebugInfoInExe>
        <DCC_RemoteDebug>true</DCC_RemoteDebug>
    </PropertyGroup>
    <PropertyGroup Condition="'$(Cfg_1_Win32)'!=''">
        <VerInfo_IncludeVerInfo>true</VerInfo_IncludeVerInfo>
        <VerInfo_Locale>1033</VerInfo_Locale>
        <DCC_RemoteDebug>false</DCC_RemoteDebug>
    </PropertyGroup>
    <PropertyGroup Condition="'$(Cfg_2)'!=''">
        <DCC_LocalDebugSymbols>false</DCC_LocalDebugSymbols>
        <DCC_Define>RELEASE;$(DCC_Define)</DCC_Define>
        <DCC_SymbolReferenceInfo>0</DCC_SymbolReferenceInfo>
        <DCC_DebugInformation>0</DCC_DebugInformation>
    </PropertyGroup>
    <ItemGroup>
        <DelphiCompile Include="$(MainSource)">
            <MainSource>MainSource</MainSource>
        </DelphiCompile>
        <DCCReference Include="UnitPrincipal.pas">
            <Form>FormPrincipal</Form>
            <FormType>dfm</FormType>
        </DCCReference>
        <DCCReference Include="UnitDM.pas">
            <Form>DataModule1</Form>
            <FormType>dfm</FormType>
            <DesignClass>TDataModule</DesignClass>
        </DCCReference>
        <DCCReference Include="UnitCadastroCarro.pas">
            <Form>FormInserirCarros</Form>
            <FormType>dfm</FormType>
        </DCCReference>
        <DCCReference Include="UnitCadastroUsuario.pas">
            <Form>FormNovoUser</Form>
            <FormType>dfm</FormType>
        </DCCReference>
        <DCCReference Include="UnitClasseCarro.pas"/>
        <DCCReference Include="UnitClasseUsuario.pas"/>
        <DCCReference Include="UnitAreaAdmin.pas">
            <Form>FormAreaAdmin</Form>
            <FormType>dfm</FormType>
        </DCCReference>
        <BuildConfiguration Include="Release">
            <Key>Cfg_2</Key>
            <CfgParent>Base</CfgParent>
        </BuildConfiguration>
        <BuildConfiguration Include="Base">
            <Key>Base</Key>
        </BuildConfiguration>
        <BuildConfiguration Include="Debug">
            <Key>Cfg_1</Key>
            <CfgParent>Base</CfgParent>
        </BuildConfiguration>
    </ItemGroup>
    <ProjectExtensions>
        <Borland.Personality>Delphi.Personality.12</Borland.Personality>
        <Borland.ProjectType/>
        <BorlandProject>
            <Delphi.Personality>
                <Source>
                    <Source Name="MainSource">ProjectPI4.dpr</Source>
                </Source>
                <Excluded_Packages>
                    <Excluded_Packages Name="$(BDSBIN)\dcloffice2k200.bpl">Microsoft Office 2000 Sample Automation Server Wrapper Components</Excluded_Packages>
                    <Excluded_Packages Name="$(BDSBIN)\dclofficexp200.bpl">Microsoft Office XP Sample Automation Server Wrapper Components</Excluded_Packages>
                </Excluded_Packages>
            </Delphi.Personality>
            <Deployment/>
            <Platforms>
                <Platform value="Win32">True</Platform>
                <Platform value="Win64">False</Platform>
            </Platforms>
        </BorlandProject>
        <ProjectFileVersion>12</ProjectFileVersion>
    </ProjectExtensions>
    <Import Project="$(BDS)\Bin\CodeGear.Delphi.Targets" Condition="Exists('$(BDS)\Bin\CodeGear.Delphi.Targets')"/>
    <Import Project="$(APPDATA)\Embarcadero\$(BDSAPPDATABASEDIR)\$(PRODUCTVERSION)\UserTools.proj" Condition="Exists('$(APPDATA)\Embarcadero\$(BDSAPPDATABASEDIR)\$(PRODUCTVERSION)\UserTools.proj')"/>
</Project>

<!-- EurekaLog First Line
[Exception Log]
EurekaLog Version=7007
Activate=0
DeleteMapAfterCompile=0
Encrypt Password=""
EurekaLog Last Line -->
